<?xml version="1.0" encoding="utf-8"?>
<Project ToolsVersion="4.0" xmlns="http://schemas.microsoft.com/developer/msbuild/2003">
  <ItemGroup>
    <Filter Include="Classes">
      <UniqueIdentifier>{66306250-2340-4eb1-ba51-6fd15acbe564}</UniqueIdentifier>
    </Filter>
  </ItemGroup>
  <ItemGroup>
    <ClInclude Include="Classes\FunctionCopier.hpp">
      <Filter>Classes</Filter>
    </ClInclude>
    <ClInclude Include="FunctionCopierTest.hpp" />
  </ItemGroup>
  <ItemGroup>
    <ClCompile Include="Classes\FunctionCopier.cpp">
      <Filter>Classes</Filter>
    </ClCompile>
    <ClCompile Include="main.cpp" />
    <ClCompile Include="FunctionCopierTest.cpp" />
  </ItemGroup>
</Project>